
Microsoft Visual Studio Solution File, Format Version 12.00
# Visual Studio Version 17
VisualStudioVersion = 17.3.32825.248
MinimumVisualStudioVersion = 10.0.40219.1
Project("{FAE04EC0-301F-11D3-BF4B-00C04F79EFBC}") = "TryItPageLocal", "TryItPageLocal\TryItPageLocal.csproj", "{BE17DF54-4DEF-4CC5-B1A4-A8BB19019255}"
	ProjectSection(ProjectDependencies) = postProject
		{12B42562-00D1-4595-B789-0473A18A8465} = {12B42562-00D1-4595-B789-0473A18A8465}
	EndProjectSection
EndProject
Project("{FAE04EC0-301F-11D3-BF4B-00C04F79EFBC}") = "BankSubService", "BankSubService\BankSubService\BankSubService.csproj", "{12B42562-00D1-4595-B789-0473A18A8465}"
EndProject
Project("{FAE04EC0-301F-11D3-BF4B-00C04F79EFBC}") = "CategoryService", "CategoryService\CategoryService\CategoryService.csproj", "{46378FBA-7FAB-4AE3-A533-35E895489243}"
EndProject
Global
	GlobalSection(SolutionConfigurationPlatforms) = preSolution
		Debug|Any CPU = Debug|Any CPU
		Release|Any CPU = Release|Any CPU
	EndGlobalSection
	GlobalSection(ProjectConfigurationPlatforms) = postSolution
		{BE17DF54-4DEF-4CC5-B1A4-A8BB19019255}.Debug|Any CPU.ActiveCfg = Debug|Any CPU
		{BE17DF54-4DEF-4CC5-B1A4-A8BB19019255}.Debug|Any CPU.Build.0 = Debug|Any CPU
		{BE17DF54-4DEF-4CC5-B1A4-A8BB19019255}.Release|Any CPU.ActiveCfg = Release|Any CPU
		{BE17DF54-4DEF-4CC5-B1A4-A8BB19019255}.Release|Any CPU.Build.0 = Release|Any CPU
		{12B42562-00D1-4595-B789-0473A18A8465}.Debug|Any CPU.ActiveCfg = Debug|Any CPU
		{12B42562-00D1-4595-B789-0473A18A8465}.Debug|Any CPU.Build.0 = Debug|Any CPU
		{12B42562-00D1-4595-B789-0473A18A8465}.Release|Any CPU.ActiveCfg = Release|Any CPU
		{12B42562-00D1-4595-B789-0473A18A8465}.Release|Any CPU.Build.0 = Release|Any CPU
		{46378FBA-7FAB-4AE3-A533-35E895489243}.Debug|Any CPU.ActiveCfg = Debug|Any CPU
		{46378FBA-7FAB-4AE3-A533-35E895489243}.Debug|Any CPU.Build.0 = Debug|Any CPU
		{46378FBA-7FAB-4AE3-A533-35E895489243}.Release|Any CPU.ActiveCfg = Release|Any CPU
		{46378FBA-7FAB-4AE3-A533-35E895489243}.Release|Any CPU.Build.0 = Release|Any CPU
	EndGlobalSection
	GlobalSection(SolutionProperties) = preSolution
		HideSolutionNode = FALSE
	EndGlobalSection
	GlobalSection(ExtensibilityGlobals) = postSolution
		SolutionGuid = {46C304AE-C6CC-4C69-9F0D-348393ECE515}
	EndGlobalSection
EndGlobal
